
Microsoft Visual Studio Solution File, Format Version 12.00
# Visual Studio Version 16
VisualStudioVersion = 16.0.29215.179
MinimumVisualStudioVersion = 10.0.40219.1
Project("{FAE04EC0-301F-11D3-BF4B-00C04F79EFBC}") = "HiberusWEB", "HiberusWEB\HiberusWEB.csproj", "{4A6A2D38-594F-448E-B2E9-7DAA7B3660B8}"
EndProject
Global
	GlobalSection(SolutionConfigurationPlatforms) = preSolution
		Debug|Any CPU = Debug|Any CPU
		Release|Any CPU = Release|Any CPU
	EndGlobalSection
	GlobalSection(ProjectConfigurationPlatforms) = postSolution
		{4A6A2D38-594F-448E-B2E9-7DAA7B3660B8}.Debug|Any CPU.ActiveCfg = Debug|Any CPU
		{4A6A2D38-594F-448E-B2E9-7DAA7B3660B8}.Debug|Any CPU.Build.0 = Debug|Any CPU
		{4A6A2D38-594F-448E-B2E9-7DAA7B3660B8}.Release|Any CPU.ActiveCfg = Release|Any CPU
		{4A6A2D38-594F-448E-B2E9-7DAA7B3660B8}.Release|Any CPU.Build.0 = Release|Any CPU
	EndGlobalSection
	GlobalSection(SolutionProperties) = preSolution
		HideSolutionNode = FALSE
	EndGlobalSection
	GlobalSection(ExtensibilityGlobals) = postSolution
		SolutionGuid = {2A4A421D-9448-4B53-8077-652D69C2E03F}
	EndGlobalSection
EndGlobal
